
Microsoft Visual Studio Solution File, Format Version 12.00
# Visual Studio Version 17
VisualStudioVersion = 17.13.35931.197
MinimumVisualStudioVersion = 10.0.40219.1
Project("{FAE04EC0-301F-11D3-BF4B-00C04F79EFBC}") = "Presentation", "ASP_MVC\Presentation.csproj", "{2EC67326-4DF5-4155-ACF3-15F83903929E}"
EndProject
Project("{FAE04EC0-301F-11D3-BF4B-00C04F79EFBC}") = "Data", "Data\Data.csproj", "{0AD56051-8C23-4E9B-A16E-BAC0317E4D58}"
EndProject
Project("{FAE04EC0-301F-11D3-BF4B-00C04F79EFBC}") = "Business", "Business\Business.csproj", "{CFE94179-FD8E-43A4-8934-FD2A9E314EC5}"
EndProject
Project("{FAE04EC0-301F-11D3-BF4B-00C04F79EFBC}") = "Domain", "Domain\Domain.csproj", "{405DF20D-7DC8-4BF0-8B40-DDC56401F664}"
EndProject
Global
	GlobalSection(SolutionConfigurationPlatforms) = preSolution
		Debug|Any CPU = Debug|Any CPU
		Release|Any CPU = Release|Any CPU
	EndGlobalSection
	GlobalSection(ProjectConfigurationPlatforms) = postSolution
		{2EC67326-4DF5-4155-ACF3-15F83903929E}.Debug|Any CPU.ActiveCfg = Debug|Any CPU
		{2EC67326-4DF5-4155-ACF3-15F83903929E}.Debug|Any CPU.Build.0 = Debug|Any CPU
		{2EC67326-4DF5-4155-ACF3-15F83903929E}.Release|Any CPU.ActiveCfg = Release|Any CPU
		{2EC67326-4DF5-4155-ACF3-15F83903929E}.Release|Any CPU.Build.0 = Release|Any CPU
		{0AD56051-8C23-4E9B-A16E-BAC0317E4D58}.Debug|Any CPU.ActiveCfg = Debug|Any CPU
		{0AD56051-8C23-4E9B-A16E-BAC0317E4D58}.Debug|Any CPU.Build.0 = Debug|Any CPU
		{0AD56051-8C23-4E9B-A16E-BAC0317E4D58}.Release|Any CPU.ActiveCfg = Release|Any CPU
		{0AD56051-8C23-4E9B-A16E-BAC0317E4D58}.Release|Any CPU.Build.0 = Release|Any CPU
		{CFE94179-FD8E-43A4-8934-FD2A9E314EC5}.Debug|Any CPU.ActiveCfg = Debug|Any CPU
		{CFE94179-FD8E-43A4-8934-FD2A9E314EC5}.Debug|Any CPU.Build.0 = Debug|Any CPU
		{CFE94179-FD8E-43A4-8934-FD2A9E314EC5}.Release|Any CPU.ActiveCfg = Release|Any CPU
		{CFE94179-FD8E-43A4-8934-FD2A9E314EC5}.Release|Any CPU.Build.0 = Release|Any CPU
		{405DF20D-7DC8-4BF0-8B40-DDC56401F664}.Debug|Any CPU.ActiveCfg = Debug|Any CPU
		{405DF20D-7DC8-4BF0-8B40-DDC56401F664}.Debug|Any CPU.Build.0 = Debug|Any CPU
		{405DF20D-7DC8-4BF0-8B40-DDC56401F664}.Release|Any CPU.ActiveCfg = Release|Any CPU
		{405DF20D-7DC8-4BF0-8B40-DDC56401F664}.Release|Any CPU.Build.0 = Release|Any CPU
	EndGlobalSection
	GlobalSection(SolutionProperties) = preSolution
		HideSolutionNode = FALSE
	EndGlobalSection
	GlobalSection(ExtensibilityGlobals) = postSolution
		SolutionGuid = {1D15E247-AC0D-4CD8-BBDC-08EEE13D77DE}
	EndGlobalSection
EndGlobal
